
Microsoft Visual Studio Solution File, Format Version 12.00
# Visual Studio Version 17
VisualStudioVersion = 17.13.35825.156 d17.13
MinimumVisualStudioVersion = 10.0.40219.1
Project("{FAE04EC0-301F-11D3-BF4B-00C04F79EFBC}") = "Portfolio.Web", "Portfolio.Web\Portfolio.Web.csproj", "{3D9DCCD2-A145-4980-A557-C785E382C780}"
EndProject
Global
	GlobalSection(SolutionConfigurationPlatforms) = preSolution
		Debug|Any CPU = Debug|Any CPU
		Release|Any CPU = Release|Any CPU
	EndGlobalSection
	GlobalSection(ProjectConfigurationPlatforms) = postSolution
		{3D9DCCD2-A145-4980-A557-C785E382C780}.Debug|Any CPU.ActiveCfg = Debug|Any CPU
		{3D9DCCD2-A145-4980-A557-C785E382C780}.Debug|Any CPU.Build.0 = Debug|Any CPU
		{3D9DCCD2-A145-4980-A557-C785E382C780}.Release|Any CPU.ActiveCfg = Release|Any CPU
		{3D9DCCD2-A145-4980-A557-C785E382C780}.Release|Any CPU.Build.0 = Release|Any CPU
	EndGlobalSection
	GlobalSection(SolutionProperties) = preSolution
		HideSolutionNode = FALSE
	EndGlobalSection
	GlobalSection(ExtensibilityGlobals) = postSolution
		SolutionGuid = {85F7A100-CC89-4354-A10C-3336A254EEF3}
	EndGlobalSection
EndGlobal
